// !$*UTF8*$!
{
	archiveVersion = 1;
	classes = {
	};
	objectVersion = 46;
	objects = {

/* Begin PBXBuildFile section */
		C835F9061D73F92A00329E55 /* Alamofire.xcworkspace in Resources */ = {isa = PBXBuildFile; fileRef = C835F8A21D73F92A00329E55 /* Alamofire.xcworkspace */; };
		C835F9141D73F92A00329E55 /* Alamofire.swift in Sources */ = {isa = PBXBuildFile; fileRef = C835F8BB1D73F92A00329E55 /* Alamofire.swift */; };
		C835F9151D73F92A00329E55 /* Download.swift in Sources */ = {isa = PBXBuildFile; fileRef = C835F8BC1D73F92A00329E55 /* Download.swift */; };
		C835F9161D73F92A00329E55 /* Error.swift in Sources */ = {isa = PBXBuildFile; fileRef = C835F8BD1D73F92A00329E55 /* Error.swift */; };
		C835F9181D73F92A00329E55 /* Info.plist in Resources */ = {isa = PBXBuildFile; fileRef = C835F8BF1D73F92A00329E55 /* Info.plist */; };
		C835F9191D73F92A00329E55 /* Manager.swift in Sources */ = {isa = PBXBuildFile; fileRef = C835F8C01D73F92A00329E55 /* Manager.swift */; };
		C835F91A1D73F92A00329E55 /* MultipartFormData.swift in Sources */ = {isa = PBXBuildFile; fileRef = C835F8C11D73F92A00329E55 /* MultipartFormData.swift */; };
		C835F91B1D73F92A00329E55 /* NetworkReachabilityManager.swift in Sources */ = {isa = PBXBuildFile; fileRef = C835F8C21D73F92A00329E55 /* NetworkReachabilityManager.swift */; };
		C835F91C1D73F92A00329E55 /* Notifications.swift in Sources */ = {isa = PBXBuildFile; fileRef = C835F8C31D73F92A00329E55 /* Notifications.swift */; };
		C835F91D1D73F92A00329E55 /* ParameterEncoding.swift in Sources */ = {isa = PBXBuildFile; fileRef = C835F8C41D73F92A00329E55 /* ParameterEncoding.swift */; };
		C835F91E1D73F92A00329E55 /* Request.swift in Sources */ = {isa = PBXBuildFile; fileRef = C835F8C51D73F92A00329E55 /* Request.swift */; };
		C835F91F1D73F92A00329E55 /* Response.swift in Sources */ = {isa = PBXBuildFile; fileRef = C835F8C61D73F92A00329E55 /* Response.swift */; };
		C835F9201D73F92A00329E55 /* ResponseSerialization.swift in Sources */ = {isa = PBXBuildFile; fileRef = C835F8C71D73F92A00329E55 /* ResponseSerialization.swift */; };
		C835F9211D73F92A00329E55 /* Result.swift in Sources */ = {isa = PBXBuildFile; fileRef = C835F8C81D73F92A00329E55 /* Result.swift */; };
		C835F9221D73F92A00329E55 /* ServerTrustPolicy.swift in Sources */ = {isa = PBXBuildFile; fileRef = C835F8C91D73F92A00329E55 /* ServerTrustPolicy.swift */; };
		C835F9231D73F92A00329E55 /* Stream.swift in Sources */ = {isa = PBXBuildFile; fileRef = C835F8CA1D73F92A00329E55 /* Stream.swift */; };
		C835F9241D73F92A00329E55 /* Timeline.swift in Sources */ = {isa = PBXBuildFile; fileRef = C835F8CB1D73F92A00329E55 /* Timeline.swift */; };
		C835F9251D73F92A00329E55 /* Upload.swift in Sources */ = {isa = PBXBuildFile; fileRef = C835F8CC1D73F92A00329E55 /* Upload.swift */; };
		C835F9261D73F92A00329E55 /* Validation.swift in Sources */ = {isa = PBXBuildFile; fileRef = C835F8CD1D73F92A00329E55 /* Validation.swift */; };
		C8DD9ED91D700DC300B0B3FA /* AppDelegate.swift in Sources */ = {isa = PBXBuildFile; fileRef = C8DD9ED81D700DC300B0B3FA /* AppDelegate.swift */; };
		C8DD9EDB1D700DC300B0B3FA /* ViewController.swift in Sources */ = {isa = PBXBuildFile; fileRef = C8DD9EDA1D700DC300B0B3FA /* ViewController.swift */; };
		C8DD9EE01D700DC300B0B3FA /* Assets.xcassets in Resources */ = {isa = PBXBuildFile; fileRef = C8DD9EDF1D700DC300B0B3FA /* Assets.xcassets */; };
		C8DD9EE31D700DC300B0B3FA /* LaunchScreen.storyboard in Resources */ = {isa = PBXBuildFile; fileRef = C8DD9EE11D700DC300B0B3FA /* LaunchScreen.storyboard */; };
		C8DD9EEE1D70136200B0B3FA /* ViewController.xml in Resources */ = {isa = PBXBuildFile; fileRef = C8DD9EED1D70136200B0B3FA /* ViewController.xml */; };
		C8DD9EF01D7017D600B0B3FA /* MarkupKit.framework in Embed Frameworks */ = {isa = PBXBuildFile; fileRef = C8DD9EEA1D700E0C00B0B3FA /* MarkupKit.framework */; settings = {ATTRIBUTES = (CodeSignOnCopy, RemoveHeadersOnCopy, ); }; };
		C8DD9EF31D70209500B0B3FA /* ImageViewController.swift in Sources */ = {isa = PBXBuildFile; fileRef = C8DD9EF21D70209500B0B3FA /* ImageViewController.swift */; };
		C8DD9EF51D7021FA00B0B3FA /* ImageViewController.xml in Resources */ = {isa = PBXBuildFile; fileRef = C8DD9EF41D7021FA00B0B3FA /* ImageViewController.xml */; };
/* End PBXBuildFile section */

/* Begin PBXContainerItemProxy section */
		C835F95D1D73F92A00329E55 /* PBXContainerItemProxy */ = {
			isa = PBXContainerItemProxy;
			containerPortal = C835F89F1D73F92A00329E55 /* Alamofire.xcodeproj */;
			proxyType = 2;
			remoteGlobalIDString = F8111E3319A95C8B0040E7D1;
			remoteInfo = "Alamofire iOS";
		};
		C835F96E1D73FACE00329E55 /* PBXContainerItemProxy */ = {
			isa = PBXContainerItemProxy;
			containerPortal = C835F89F1D73F92A00329E55 /* Alamofire.xcodeproj */;
			proxyType = 1;
			remoteGlobalIDString = F8111E3219A95C8B0040E7D1;
			remoteInfo = "Alamofire iOS";
		};
/* End PBXContainerItemProxy section */

/* Begin PBXCopyFilesBuildPhase section */
		C8DD9EF11D7017D700B0B3FA /* Embed Frameworks */ = {
			isa = PBXCopyFilesBuildPhase;
			buildActionMask = 2147483647;
			dstPath = "";
			dstSubfolderSpec = 10;
			files = (
				C8DD9EF01D7017D600B0B3FA /* MarkupKit.framework in Embed Frameworks */,
			);
			name = "Embed Frameworks";
			runOnlyForDeploymentPostprocessing = 0;
		};
/* End PBXCopyFilesBuildPhase section */

/* Begin PBXFileReference section */
		C835F89F1D73F92A00329E55 /* Alamofire.xcodeproj */ = {isa = PBXFileReference; lastKnownFileType = "wrapper.pb-project"; path = Alamofire.xcodeproj; sourceTree = "<group>"; };
		C835F8A21D73F92A00329E55 /* Alamofire.xcworkspace */ = {isa = PBXFileReference; lastKnownFileType = wrapper.workspace; path = Alamofire.xcworkspace; sourceTree = "<group>"; };
		C835F8BA1D73F92A00329E55 /* Alamofire.h */ = {isa = PBXFileReference; fileEncoding = 4; lastKnownFileType = sourcecode.c.h; path = Alamofire.h; sourceTree = "<group>"; };
		C835F8BB1D73F92A00329E55 /* Alamofire.swift */ = {isa = PBXFileReference; fileEncoding = 4; lastKnownFileType = sourcecode.swift; path = Alamofire.swift; sourceTree = "<group>"; };
		C835F8BC1D73F92A00329E55 /* Download.swift */ = {isa = PBXFileReference; fileEncoding = 4; lastKnownFileType = sourcecode.swift; path = Download.swift; sourceTree = "<group>"; };
		C835F8BD1D73F92A00329E55 /* Error.swift */ = {isa = PBXFileReference; fileEncoding = 4; lastKnownFileType = sourcecode.swift; path = Error.swift; sourceTree = "<group>"; };
		C835F8BF1D73F92A00329E55 /* Info.plist */ = {isa = PBXFileReference; fileEncoding = 4; lastKnownFileType = text.plist.xml; path = Info.plist; sourceTree = "<group>"; };
		C835F8C01D73F92A00329E55 /* Manager.swift */ = {isa = PBXFileReference; fileEncoding = 4; lastKnownFileType = sourcecode.swift; path = Manager.swift; sourceTree = "<group>"; };
		C835F8C11D73F92A00329E55 /* MultipartFormData.swift */ = {isa = PBXFileReference; fileEncoding = 4; lastKnownFileType = sourcecode.swift; path = MultipartFormData.swift; sourceTree = "<group>"; };
		C835F8C21D73F92A00329E55 /* NetworkReachabilityManager.swift */ = {isa = PBXFileReference; fileEncoding = 4; lastKnownFileType = sourcecode.swift; path = NetworkReachabilityManager.swift; sourceTree = "<group>"; };
		C835F8C31D73F92A00329E55 /* Notifications.swift */ = {isa = PBXFileReference; fileEncoding = 4; lastKnownFileType = sourcecode.swift; path = Notifications.swift; sourceTree = "<group>"; };
		C835F8C41D73F92A00329E55 /* ParameterEncoding.swift */ = {isa = PBXFileReference; fileEncoding = 4; lastKnownFileType = sourcecode.swift; path = ParameterEncoding.swift; sourceTree = "<group>"; };
		C835F8C51D73F92A00329E55 /* Request.swift */ = {isa = PBXFileReference; fileEncoding = 4; lastKnownFileType = sourcecode.swift; path = Request.swift; sourceTree = "<group>"; };
		C835F8C61D73F92A00329E55 /* Response.swift */ = {isa = PBXFileReference; fileEncoding = 4; lastKnownFileType = sourcecode.swift; path = Response.swift; sourceTree = "<group>"; };
		C835F8C71D73F92A00329E55 /* ResponseSerialization.swift */ = {isa = PBXFileReference; fileEncoding = 4; lastKnownFileType = sourcecode.swift; path = ResponseSerialization.swift; sourceTree = "<group>"; };
		C835F8C81D73F92A00329E55 /* Result.swift */ = {isa = PBXFileReference; fileEncoding = 4; lastKnownFileType = sourcecode.swift; path = Result.swift; sourceTree = "<group>"; };
		C835F8C91D73F92A00329E55 /* ServerTrustPolicy.swift */ = {isa = PBXFileReference; fileEncoding = 4; lastKnownFileType = sourcecode.swift; path = ServerTrustPolicy.swift; sourceTree = "<group>"; };
		C835F8CA1D73F92A00329E55 /* Stream.swift */ = {isa = PBXFileReference; fileEncoding = 4; lastKnownFileType = sourcecode.swift; path = Stream.swift; sourceTree = "<group>"; };
		C835F8CB1D73F92A00329E55 /* Timeline.swift */ = {isa = PBXFileReference; fileEncoding = 4; lastKnownFileType = sourcecode.swift; path = Timeline.swift; sourceTree = "<group>"; };
		C835F8CC1D73F92A00329E55 /* Upload.swift */ = {isa = PBXFileReference; fileEncoding = 4; lastKnownFileType = sourcecode.swift; path = Upload.swift; sourceTree = "<group>"; };
		C835F8CD1D73F92A00329E55 /* Validation.swift */ = {isa = PBXFileReference; fileEncoding = 4; lastKnownFileType = sourcecode.swift; path = Validation.swift; sourceTree = "<group>"; };
		C8DD9ED51D700DC300B0B3FA /* HelloMarkupKit.app */ = {isa = PBXFileReference; explicitFileType = wrapper.application; includeInIndex = 0; path = HelloMarkupKit.app; sourceTree = BUILT_PRODUCTS_DIR; };
		C8DD9ED81D700DC300B0B3FA /* AppDelegate.swift */ = {isa = PBXFileReference; lastKnownFileType = sourcecode.swift; path = AppDelegate.swift; sourceTree = "<group>"; };
		C8DD9EDA1D700DC300B0B3FA /* ViewController.swift */ = {isa = PBXFileReference; lastKnownFileType = sourcecode.swift; path = ViewController.swift; sourceTree = "<group>"; };
		C8DD9EDF1D700DC300B0B3FA /* Assets.xcassets */ = {isa = PBXFileReference; lastKnownFileType = folder.assetcatalog; path = Assets.xcassets; sourceTree = "<group>"; };
		C8DD9EE21D700DC300B0B3FA /* Base */ = {isa = PBXFileReference; lastKnownFileType = file.storyboard; name = Base; path = Base.lproj/LaunchScreen.storyboard; sourceTree = "<group>"; };
		C8DD9EE41D700DC300B0B3FA /* Info.plist */ = {isa = PBXFileReference; lastKnownFileType = text.plist.xml; path = Info.plist; sourceTree = "<group>"; };
		C8DD9EEA1D700E0C00B0B3FA /* MarkupKit.framework */ = {isa = PBXFileReference; lastKnownFileType = wrapper.framework; path = MarkupKit.framework; sourceTree = "<group>"; };
		C8DD9EED1D70136200B0B3FA /* ViewController.xml */ = {isa = PBXFileReference; fileEncoding = 4; lastKnownFileType = text.xml; path = ViewController.xml; sourceTree = "<group>"; };
		C8DD9EF21D70209500B0B3FA /* ImageViewController.swift */ = {isa = PBXFileReference; fileEncoding = 4; lastKnownFileType = sourcecode.swift; path = ImageViewController.swift; sourceTree = "<group>"; };
		C8DD9EF41D7021FA00B0B3FA /* ImageViewController.xml */ = {isa = PBXFileReference; fileEncoding = 4; lastKnownFileType = text.xml; path = ImageViewController.xml; sourceTree = "<group>"; };
/* End PBXFileReference section */

/* Begin PBXFrameworksBuildPhase section */
		C8DD9ED21D700DC300B0B3FA /* Frameworks */ = {
			isa = PBXFrameworksBuildPhase;
			buildActionMask = 2147483647;
			files = (
			);
			runOnlyForDeploymentPostprocessing = 0;
		};
/* End PBXFrameworksBuildPhase section */

/* Begin PBXGroup section */
		C835F89B1D73F92A00329E55 /* Alamofire */ = {
			isa = PBXGroup;
			children = (
				C835F89F1D73F92A00329E55 /* Alamofire.xcodeproj */,
				C835F8A21D73F92A00329E55 /* Alamofire.xcworkspace */,
				C835F8B91D73F92A00329E55 /* Source */,
			);
			path = Alamofire;
			sourceTree = "<group>";
		};
		C835F8A01D73F92A00329E55 /* Products */ = {
			isa = PBXGroup;
			children = (
				C835F95E1D73F92A00329E55 /* Alamofire.framework */,
			);
			name = Products;
			sourceTree = "<group>";
		};
		C835F8B91D73F92A00329E55 /* Source */ = {
			isa = PBXGroup;
			children = (
				C835F8BA1D73F92A00329E55 /* Alamofire.h */,
				C835F8BB1D73F92A00329E55 /* Alamofire.swift */,
				C835F8BC1D73F92A00329E55 /* Download.swift */,
				C835F8BD1D73F92A00329E55 /* Error.swift */,
				C835F8BF1D73F92A00329E55 /* Info.plist */,
				C835F8C01D73F92A00329E55 /* Manager.swift */,
				C835F8C11D73F92A00329E55 /* MultipartFormData.swift */,
				C835F8C21D73F92A00329E55 /* NetworkReachabilityManager.swift */,
				C835F8C31D73F92A00329E55 /* Notifications.swift */,
				C835F8C41D73F92A00329E55 /* ParameterEncoding.swift */,
				C835F8C51D73F92A00329E55 /* Request.swift */,
				C835F8C61D73F92A00329E55 /* Response.swift */,
				C835F8C71D73F92A00329E55 /* ResponseSerialization.swift */,
				C835F8C81D73F92A00329E55 /* Result.swift */,
				C835F8C91D73F92A00329E55 /* ServerTrustPolicy.swift */,
				C835F8CA1D73F92A00329E55 /* Stream.swift */,
				C835F8CB1D73F92A00329E55 /* Timeline.swift */,
				C835F8CC1D73F92A00329E55 /* Upload.swift */,
				C835F8CD1D73F92A00329E55 /* Validation.swift */,
			);
			path = Source;
			sourceTree = "<group>";
		};
		C8DD9ECC1D700DC300B0B3FA = {
			isa = PBXGroup;
			children = (
				C8DD9EEA1D700E0C00B0B3FA /* MarkupKit.framework */,
				C8DD9ED71D700DC300B0B3FA /* HelloMarkupKit */,
				C8DD9ED61D700DC300B0B3FA /* Products */,
			);
			sourceTree = "<group>";
		};
		C8DD9ED61D700DC300B0B3FA /* Products */ = {
			isa = PBXGroup;
			children = (
				C8DD9ED51D700DC300B0B3FA /* HelloMarkupKit.app */,
			);
			name = Products;
			sourceTree = "<group>";
		};
		C8DD9ED71D700DC300B0B3FA /* HelloMarkupKit */ = {
			isa = PBXGroup;
			children = (
				C835F89B1D73F92A00329E55 /* Alamofire */,
				C8DD9ED81D700DC300B0B3FA /* AppDelegate.swift */,
				C8DD9EDA1D700DC300B0B3FA /* ViewController.swift */,
				C8DD9EED1D70136200B0B3FA /* ViewController.xml */,
				C8DD9EF21D70209500B0B3FA /* ImageViewController.swift */,
				C8DD9EF41D7021FA00B0B3FA /* ImageViewController.xml */,
				C8DD9EDF1D700DC300B0B3FA /* Assets.xcassets */,
				C8DD9EE11D700DC300B0B3FA /* LaunchScreen.storyboard */,
				C8DD9EE41D700DC300B0B3FA /* Info.plist */,
			);
			path = HelloMarkupKit;
			sourceTree = "<group>";
		};
/* End PBXGroup section */

/* Begin PBXNativeTarget section */
		C8DD9ED41D700DC300B0B3FA /* HelloMarkupKit */ = {
			isa = PBXNativeTarget;
			buildConfigurationList = C8DD9EE71D700DC300B0B3FA /* Build configuration list for PBXNativeTarget "HelloMarkupKit" */;
			buildPhases = (
				C8DD9ED11D700DC300B0B3FA /* Sources */,
				C8DD9ED21D700DC300B0B3FA /* Frameworks */,
				C8DD9ED31D700DC300B0B3FA /* Resources */,
				C8DD9EF11D7017D700B0B3FA /* Embed Frameworks */,
			);
			buildRules = (
			);
			dependencies = (
				C835F96F1D73FACE00329E55 /* PBXTargetDependency */,
			);
			name = HelloMarkupKit;
			productName = HelloMarkupKit;
			productReference = C8DD9ED51D700DC300B0B3FA /* HelloMarkupKit.app */;
			productType = "com.apple.product-type.application";
		};
/* End PBXNativeTarget section */

/* Begin PBXProject section */
		C8DD9ECD1D700DC300B0B3FA /* Project object */ = {
			isa = PBXProject;
			attributes = {
				LastSwiftUpdateCheck = 0730;
				LastUpgradeCheck = 0730;
				ORGANIZATIONNAME = maisapride8;
				TargetAttributes = {
					C8DD9ED41D700DC300B0B3FA = {
						CreatedOnToolsVersion = 7.3;
						DevelopmentTeam = G43DEAK3RT;
					};
				};
			};
			buildConfigurationList = C8DD9ED01D700DC300B0B3FA /* Build configuration list for PBXProject "HelloMarkupKit" */;
			compatibilityVersion = "Xcode 3.2";
			developmentRegion = English;
			hasScannedForEncodings = 0;
			knownRegions = (
				en,
				Base,
			);
			mainGroup = C8DD9ECC1D700DC300B0B3FA;
			productRefGroup = C8DD9ED61D700DC300B0B3FA /* Products */;
			projectDirPath = "";
			projectReferences = (
				{
					ProductGroup = C835F8A01D73F92A00329E55 /* Products */;
					ProjectRef = C835F89F1D73F92A00329E55 /* Alamofire.xcodeproj */;
				},
			);
			projectRoot = "";
			targets = (
				C8DD9ED41D700DC300B0B3FA /* HelloMarkupKit */,
			);
		};
/* End PBXProject section */

/* Begin PBXReferenceProxy section */
		C835F95E1D73F92A00329E55 /* Alamofire.framework */ = {
			isa = PBXReferenceProxy;
			fileType = wrapper.framework;
			path = Alamofire.framework;
			remoteRef = C835F95D1D73F92A00329E55 /* PBXContainerItemProxy */;
			sourceTree = BUILT_PRODUCTS_DIR;
		};
/* End PBXReferenceProxy section */

/* Begin PBXResourcesBuildPhase section */
		C8DD9ED31D700DC300B0B3FA /* Resources */ = {
			isa = PBXResourcesBuildPhase;
			buildActionMask = 2147483647;
			files = (
				C8DD9EF51D7021FA00B0B3FA /* ImageViewController.xml in Resources */,
				C835F9181D73F92A00329E55 /* Info.plist in Resources */,
				C8DD9EE31D700DC300B0B3FA /* LaunchScreen.storyboard in Resources */,
				C835F9061D73F92A00329E55 /* Alamofire.xcworkspace in Resources */,
				C8DD9EEE1D70136200B0B3FA /* ViewController.xml in Resources */,
				C8DD9EE01D700DC300B0B3FA /* Assets.xcassets in Resources */,
			);
			runOnlyForDeploymentPostprocessing = 0;
		};
/* End PBXResourcesBuildPhase section */

/* Begin PBXSourcesBuildPhase section */
		C8DD9ED11D700DC300B0B3FA /* Sources */ = {
			isa = PBXSourcesBuildPhase;
			buildActionMask = 2147483647;
			files = (
				C835F9251D73F92A00329E55 /* Upload.swift in Sources */,
				C835F91C1D73F92A00329E55 /* Notifications.swift in Sources */,
				C835F91D1D73F92A00329E55 /* ParameterEncoding.swift in Sources */,
				C835F91E1D73F92A00329E55 /* Request.swift in Sources */,
				C835F9211D73F92A00329E55 /* Result.swift in Sources */,
				C835F9191D73F92A00329E55 /* Manager.swift in Sources */,
				C835F9141D73F92A00329E55 /* Alamofire.swift in Sources */,
				C835F9231D73F92A00329E55 /* Stream.swift in Sources */,
				C835F91A1D73F92A00329E55 /* MultipartFormData.swift in Sources */,
				C8DD9EDB1D700DC300B0B3FA /* ViewController.swift in Sources */,
				C835F9151D73F92A00329E55 /* Download.swift in Sources */,
				C835F9261D73F92A00329E55 /* Validation.swift in Sources */,
				C8DD9EF31D70209500B0B3FA /* ImageViewController.swift in Sources */,
				C835F91B1D73F92A00329E55 /* NetworkReachabilityManager.swift in Sources */,
				C8DD9ED91D700DC300B0B3FA /* AppDelegate.swift in Sources */,
				C835F9241D73F92A00329E55 /* Timeline.swift in Sources */,
				C835F91F1D73F92A00329E55 /* Response.swift in Sources */,
				C835F9201D73F92A00329E55 /* ResponseSerialization.swift in Sources */,
				C835F9221D73F92A00329E55 /* ServerTrustPolicy.swift in Sources */,
				C835F9161D73F92A00329E55 /* Error.swift in Sources */,
			);
			runOnlyForDeploymentPostprocessing = 0;
		};
/* End PBXSourcesBuildPhase section */

/* Begin PBXTargetDependency section */
		C835F96F1D73FACE00329E55 /* PBXTargetDependency */ = {
			isa = PBXTargetDependency;
			name = "Alamofire iOS";
			targetProxy = C835F96E1D73FACE00329E55 /* PBXContainerItemProxy */;
		};
/* End PBXTargetDependency section */

/* Begin PBXVariantGroup section */
		C8DD9EE11D700DC300B0B3FA /* LaunchScreen.storyboard */ = {
			isa = PBXVariantGroup;
			children = (
				C8DD9EE21D700DC300B0B3FA /* Base */,
			);
			name = LaunchScreen.storyboard;
			sourceTree = "<group>";
		};
/* End PBXVariantGroup section */

/* Begin XCBuildConfiguration section */
		C8DD9EE51D700DC300B0B3FA /* Debug */ = {
			isa = XCBuildConfiguration;
			buildSettings = {
				ALWAYS_SEARCH_USER_PATHS = NO;
				CLANG_ANALYZER_NONNULL = YES;
				CLANG_CXX_LANGUAGE_STANDARD = "gnu++0x";
				CLANG_CXX_LIBRARY = "libc++";
				CLANG_ENABLE_MODULES = YES;
				CLANG_ENABLE_OBJC_ARC = YES;
				CLANG_WARN_BOOL_CONVERSION = YES;
				CLANG_WARN_CONSTANT_CONVERSION = YES;
				CLANG_WARN_DIRECT_OBJC_ISA_USAGE = YES_ERROR;
				CLANG_WARN_EMPTY_BODY = YES;
				CLANG_WARN_ENUM_CONVERSION = YES;
				CLANG_WARN_INT_CONVERSION = YES;
				CLANG_WARN_OBJC_ROOT_CLASS = YES_ERROR;
				CLANG_WARN_UNREACHABLE_CODE = YES;
				CLANG_WARN__DUPLICATE_METHOD_MATCH = YES;
				"CODE_SIGN_IDENTITY[sdk=iphoneos*]" = "iPhone Developer";
				COPY_PHASE_STRIP = NO;
				DEBUG_INFORMATION_FORMAT = dwarf;
				ENABLE_STRICT_OBJC_MSGSEND = YES;
				ENABLE_TESTABILITY = YES;
				GCC_C_LANGUAGE_STANDARD = gnu99;
				GCC_DYNAMIC_NO_PIC = NO;
				GCC_NO_COMMON_BLOCKS = YES;
				GCC_OPTIMIZATION_LEVEL = 0;
				GCC_PREPROCESSOR_DEFINITIONS = (
					"DEBUG=1",
					"$(inherited)",
				);
				GCC_WARN_64_TO_32_BIT_CONVERSION = YES;
				GCC_WARN_ABOUT_RETURN_TYPE = YES_ERROR;
				GCC_WARN_UNDECLARED_SELECTOR = YES;
				GCC_WARN_UNINITIALIZED_AUTOS = YES_AGGRESSIVE;
				GCC_WARN_UNUSED_FUNCTION = YES;
				GCC_WARN_UNUSED_VARIABLE = YES;
				IPHONEOS_DEPLOYMENT_TARGET = 9.3;
				MTL_ENABLE_DEBUG_INFO = YES;
				ONLY_ACTIVE_ARCH = YES;
				SDKROOT = iphoneos;
				SWIFT_OPTIMIZATION_LEVEL = "-Onone";
				TARGETED_DEVICE_FAMILY = "1,2";
			};
			name = Debug;
		};
		C8DD9EE61D700DC300B0B3FA /* Release */ = {
			isa = XCBuildConfiguration;
			buildSettings = {
				ALWAYS_SEARCH_USER_PATHS = NO;
				CLANG_ANALYZER_NONNULL = YES;
				CLANG_CXX_LANGUAGE_STANDARD = "gnu++0x";
				CLANG_CXX_LIBRARY = "libc++";
				CLANG_ENABLE_MODULES = YES;
				CLANG_ENABLE_OBJC_ARC = YES;
				CLANG_WARN_BOOL_CONVERSION = YES;
				CLANG_WARN_CONSTANT_CONVERSION = YES;
				CLANG_WARN_DIRECT_OBJC_ISA_USAGE = YES_ERROR;
				CLANG_WARN_EMPTY_BODY = YES;
				CLANG_WARN_ENUM_CONVERSION = YES;
				CLANG_WARN_INT_CONVERSION = YES;
				CLANG_WARN_OBJC_ROOT_CLASS = YES_ERROR;
				CLANG_WARN_UNREACHABLE_CODE = YES;
				CLANG_WARN__DUPLICATE_METHOD_MATCH = YES;
				"CODE_SIGN_IDENTITY[sdk=iphoneos*]" = "iPhone Developer";
				COPY_PHASE_STRIP = NO;
				DEBUG_INFORMATION_FORMAT = "dwarf-with-dsym";
				ENABLE_NS_ASSERTIONS = NO;
				ENABLE_STRICT_OBJC_MSGSEND = YES;
				GCC_C_LANGUAGE_STANDARD = gnu99;
				GCC_NO_COMMON_BLOCKS = YES;
				GCC_WARN_64_TO_32_BIT_CONVERSION = YES;
				GCC_WARN_ABOUT_RETURN_TYPE = YES_ERROR;
				GCC_WARN_UNDECLARED_SELECTOR = YES;
				GCC_WARN_UNINITIALIZED_AUTOS = YES_AGGRESSIVE;
				GCC_WARN_UNUSED_FUNCTION = YES;
				GCC_WARN_UNUSED_VARIABLE = YES;
				IPHONEOS_DEPLOYMENT_TARGET = 9.3;
				MTL_ENABLE_DEBUG_INFO = NO;
				SDKROOT = iphoneos;
				TARGETED_DEVICE_FAMILY = "1,2";
				VALIDATE_PRODUCT = YES;
			};
			name = Release;
		};
		C8DD9EE81D700DC300B0B3FA /* Debug */ = {
			isa = XCBuildConfiguration;
			buildSettings = {
				ASSETCATALOG_COMPILER_APPICON_NAME = AppIcon;
				FRAMEWORK_SEARCH_PATHS = (
					"$(inherited)",
					"$(PROJECT_DIR)",
				);
				INFOPLIST_FILE = HelloMarkupKit/Info.plist;
				LD_RUNPATH_SEARCH_PATHS = "$(inherited) @executable_path/Frameworks";
				PRODUCT_BUNDLE_IDENTIFIER = com.maisa.HelloMarkupKit;
				PRODUCT_NAME = "$(TARGET_NAME)";
			};
			name = Debug;
		};
		C8DD9EE91D700DC300B0B3FA /* Release */ = {
			isa = XCBuildConfiguration;
			buildSettings = {
				ASSETCATALOG_COMPILER_APPICON_NAME = AppIcon;
				FRAMEWORK_SEARCH_PATHS = (
					"$(inherited)",
					"$(PROJECT_DIR)",
				);
				INFOPLIST_FILE = HelloMarkupKit/Info.plist;
				LD_RUNPATH_SEARCH_PATHS = "$(inherited) @executable_path/Frameworks";
				PRODUCT_BUNDLE_IDENTIFIER = com.maisa.HelloMarkupKit;
				PRODUCT_NAME = "$(TARGET_NAME)";
			};
			name = Release;
		};
/* End XCBuildConfiguration section */

/* Begin XCConfigurationList section */
		C8DD9ED01D700DC300B0B3FA /* Build configuration list for PBXProject "HelloMarkupKit" */ = {
			isa = XCConfigurationList;
			buildConfigurations = (
				C8DD9EE51D700DC300B0B3FA /* Debug */,
				C8DD9EE61D700DC300B0B3FA /* Release */,
			);
			defaultConfigurationIsVisible = 0;
			defaultConfigurationName = Release;
		};
		C8DD9EE71D700DC300B0B3FA /* Build configuration list for PBXNativeTarget "HelloMarkupKit" */ = {
			isa = XCConfigurationList;
			buildConfigurations = (
				C8DD9EE81D700DC300B0B3FA /* Debug */,
				C8DD9EE91D700DC300B0B3FA /* Release */,
			);
			defaultConfigurationIsVisible = 0;
			defaultConfigurationName = Release;
		};
/* End XCConfigurationList section */
	};
	rootObject = C8DD9ECD1D700DC300B0B3FA /* Project object */;
}
