// !$*UTF8*$!
{
	archiveVersion = 1;
	classes = {
	};
	objectVersion = 46;
	objects = {

/* Begin PBXBuildFile section */
		C8DD9ED91D700DC300B0B3FA /* AppDelegate.swift in Sources */ = {isa = PBXBuildFile; fileRef = C8DD9ED81D700DC300B0B3FA /* AppDelegate.swift */; };
		C8DD9EDB1D700DC300B0B3FA /* ViewController.swift in Sources */ = {isa = PBXBuildFile; fileRef = C8DD9EDA1D700DC300B0B3FA /* ViewController.swift */; };
		C8DD9EDE1D700DC300B0B3FA /* Main.storyboard in Resources */ = {isa = PBXBuildFile; fileRef = C8DD9EDC1D700DC300B0B3FA /* Main.storyboard */; };
		C8DD9EE01D700DC300B0B3FA /* Assets.xcassets in Resources */ = {isa = PBXBuildFile; fileRef = C8DD9EDF1D700DC300B0B3FA /* Assets.xcassets */; };
		C8DD9EE31D700DC300B0B3FA /* LaunchScreen.storyboard in Resources */ = {isa = PBXBuildFile; fileRef = C8DD9EE11D700DC300B0B3FA /* LaunchScreen.storyboard */; };
/* End PBXBuildFile section */

/* Begin PBXFileReference section */
		C8DD9ED51D700DC300B0B3FA /* HelloMarkupKit.app */ = {isa = PBXFileReference; explicitFileType = wrapper.application; includeInIndex = 0; path = HelloMarkupKit.app; sourceTree = BUILT_PRODUCTS_DIR; };
		C8DD9ED81D700DC300B0B3FA /* AppDelegate.swift */ = {isa = PBXFileReference; lastKnownFileType = sourcecode.swift; path = AppDelegate.swift; sourceTree = "<group>"; };
		C8DD9EDA1D700DC300B0B3FA /* ViewController.swift */ = {isa = PBXFileReference; lastKnownFileType = sourcecode.swift; path = ViewController.swift; sourceTree = "<group>"; };
		C8DD9EDD1D700DC300B0B3FA /* Base */ = {isa = PBXFileReference; lastKnownFileType = file.storyboard; name = Base; path = Base.lproj/Main.storyboard; sourceTree = "<group>"; };
		C8DD9EDF1D700DC300B0B3FA /* Assets.xcassets */ = {isa = PBXFileReference; lastKnownFileType = folder.assetcatalog; path = Assets.xcassets; sourceTree = "<group>"; };
		C8DD9EE21D700DC300B0B3FA /* Base */ = {isa = PBXFileReference; lastKnownFileType = file.storyboard; name = Base; path = Base.lproj/LaunchScreen.storyboard; sourceTree = "<group>"; };
		C8DD9EE41D700DC300B0B3FA /* Info.plist */ = {isa = PBXFileReference; lastKnownFileType = text.plist.xml; path = Info.plist; sourceTree = "<group>"; };
/* End PBXFileReference section */

/* Begin PBXFrameworksBuildPhase section */
		C8DD9ED21D700DC300B0B3FA /* Frameworks */ = {
			isa = PBXFrameworksBuildPhase;
			buildActionMask = 2147483647;
			files = (
			);
			runOnlyForDeploymentPostprocessing = 0;
		};
/* End PBXFrameworksBuildPhase section */

/* Begin PBXGroup section */
		C8DD9ECC1D700DC300B0B3FA = {
			isa = PBXGroup;
			children = (
				C8DD9ED71D700DC300B0B3FA /* HelloMarkupKit */,
				C8DD9ED61D700DC300B0B3FA /* Products */,
			);
			sourceTree = "<group>";
		};
		C8DD9ED61D700DC300B0B3FA /* Products */ = {
			isa = PBXGroup;
			children = (
				C8DD9ED51D700DC300B0B3FA /* HelloMarkupKit.app */,
			);
			name = Products;
			sourceTree = "<group>";
		};
		C8DD9ED71D700DC300B0B3FA /* HelloMarkupKit */ = {
			isa = PBXGroup;
			children = (
				C8DD9ED81D700DC300B0B3FA /* AppDelegate.swift */,
				C8DD9EDA1D700DC300B0B3FA /* ViewController.swift */,
				C8DD9EDC1D700DC300B0B3FA /* Main.storyboard */,
				C8DD9EDF1D700DC300B0B3FA /* Assets.xcassets */,
				C8DD9EE11D700DC300B0B3FA /* LaunchScreen.storyboard */,
				C8DD9EE41D700DC300B0B3FA /* Info.plist */,
			);
			path = HelloMarkupKit;
			sourceTree = "<group>";
		};
/* End PBXGroup section */

/* Begin PBXNativeTarget section */
		C8DD9ED41D700DC300B0B3FA /* HelloMarkupKit */ = {
			isa = PBXNativeTarget;
			buildConfigurationList = C8DD9EE71D700DC300B0B3FA /* Build configuration list for PBXNativeTarget "HelloMarkupKit" */;
			buildPhases = (
				C8DD9ED11D700DC300B0B3FA /* Sources */,
				C8DD9ED21D700DC300B0B3FA /* Frameworks */,
				C8DD9ED31D700DC300B0B3FA /* Resources */,
			);
			buildRules = (
			);
			dependencies = (
			);
			name = HelloMarkupKit;
			productName = HelloMarkupKit;
			productReference = C8DD9ED51D700DC300B0B3FA /* HelloMarkupKit.app */;
			productType = "com.apple.product-type.application";
		};
/* End PBXNativeTarget section */

/* Begin PBXProject section */
		C8DD9ECD1D700DC300B0B3FA /* Project object */ = {
			isa = PBXProject;
			attributes = {
				LastSwiftUpdateCheck = 0730;
				LastUpgradeCheck = 0730;
				ORGANIZATIONNAME = maisapride8;
				TargetAttributes = {
					C8DD9ED41D700DC300B0B3FA = {
						CreatedOnToolsVersion = 7.3;
						DevelopmentTeam = G43DEAK3RT;
					};
				};
			};
			buildConfigurationList = C8DD9ED01D700DC300B0B3FA /* Build configuration list for PBXProject "HelloMarkupKit" */;
			compatibilityVersion = "Xcode 3.2";
			developmentRegion = English;
			hasScannedForEncodings = 0;
			knownRegions = (
				en,
				Base,
			);
			mainGroup = C8DD9ECC1D700DC300B0B3FA;
			productRefGroup = C8DD9ED61D700DC300B0B3FA /* Products */;
			projectDirPath = "";
			projectRoot = "";
			targets = (
				C8DD9ED41D700DC300B0B3FA /* HelloMarkupKit */,
			);
		};
/* End PBXProject section */

/* Begin PBXResourcesBuildPhase section */
		C8DD9ED31D700DC300B0B3FA /* Resources */ = {
			isa = PBXResourcesBuildPhase;
			buildActionMask = 2147483647;
			files = (
				C8DD9EE31D700DC300B0B3FA /* LaunchScreen.storyboard in Resources */,
				C8DD9EE01D700DC300B0B3FA /* Assets.xcassets in Resources */,
				C8DD9EDE1D700DC300B0B3FA /* Main.storyboard in Resources */,
			);
			runOnlyForDeploymentPostprocessing = 0;
		};
/* End PBXResourcesBuildPhase section */

/* Begin PBXSourcesBuildPhase section */
		C8DD9ED11D700DC300B0B3FA /* Sources */ = {
			isa = PBXSourcesBuildPhase;
			buildActionMask = 2147483647;
			files = (
				C8DD9EDB1D700DC300B0B3FA /* ViewController.swift in Sources */,
				C8DD9ED91D700DC300B0B3FA /* AppDelegate.swift in Sources */,
			);
			runOnlyForDeploymentPostprocessing = 0;
		};
/* End PBXSourcesBuildPhase section */

/* Begin PBXVariantGroup section */
		C8DD9EDC1D700DC300B0B3FA /* Main.storyboard */ = {
			isa = PBXVariantGroup;
			children = (
				C8DD9EDD1D700DC300B0B3FA /* Base */,
			);
			name = Main.storyboard;
			sourceTree = "<group>";
		};
		C8DD9EE11D700DC300B0B3FA /* LaunchScreen.storyboard */ = {
			isa = PBXVariantGroup;
			children = (
				C8DD9EE21D700DC300B0B3FA /* Base */,
			);
			name = LaunchScreen.storyboard;
			sourceTree = "<group>";
		};
/* End PBXVariantGroup section */

/* Begin XCBuildConfiguration section */
		C8DD9EE51D700DC300B0B3FA /* Debug */ = {
			isa = XCBuildConfiguration;
			buildSettings = {
				ALWAYS_SEARCH_USER_PATHS = NO;
				CLANG_ANALYZER_NONNULL = YES;
				CLANG_CXX_LANGUAGE_STANDARD = "gnu++0x";
				CLANG_CXX_LIBRARY = "libc++";
				CLANG_ENABLE_MODULES = YES;
				CLANG_ENABLE_OBJC_ARC = YES;
				CLANG_WARN_BOOL_CONVERSION = YES;
				CLANG_WARN_CONSTANT_CONVERSION = YES;
				CLANG_WARN_DIRECT_OBJC_ISA_USAGE = YES_ERROR;
				CLANG_WARN_EMPTY_BODY = YES;
				CLANG_WARN_ENUM_CONVERSION = YES;
				CLANG_WARN_INT_CONVERSION = YES;
				CLANG_WARN_OBJC_ROOT_CLASS = YES_ERROR;
				CLANG_WARN_UNREACHABLE_CODE = YES;
				CLANG_WARN__DUPLICATE_METHOD_MATCH = YES;
				"CODE_SIGN_IDENTITY[sdk=iphoneos*]" = "iPhone Developer";
				COPY_PHASE_STRIP = NO;
				DEBUG_INFORMATION_FORMAT = dwarf;
				ENABLE_STRICT_OBJC_MSGSEND = YES;
				ENABLE_TESTABILITY = YES;
				GCC_C_LANGUAGE_STANDARD = gnu99;
				GCC_DYNAMIC_NO_PIC = NO;
				GCC_NO_COMMON_BLOCKS = YES;
				GCC_OPTIMIZATION_LEVEL = 0;
				GCC_PREPROCESSOR_DEFINITIONS = (
					"DEBUG=1",
					"$(inherited)",
				);
				GCC_WARN_64_TO_32_BIT_CONVERSION = YES;
				GCC_WARN_ABOUT_RETURN_TYPE = YES_ERROR;
				GCC_WARN_UNDECLARED_SELECTOR = YES;
				GCC_WARN_UNINITIALIZED_AUTOS = YES_AGGRESSIVE;
				GCC_WARN_UNUSED_FUNCTION = YES;
				GCC_WARN_UNUSED_VARIABLE = YES;
				IPHONEOS_DEPLOYMENT_TARGET = 9.3;
				MTL_ENABLE_DEBUG_INFO = YES;
				ONLY_ACTIVE_ARCH = YES;
				SDKROOT = iphoneos;
				SWIFT_OPTIMIZATION_LEVEL = "-Onone";
				TARGETED_DEVICE_FAMILY = "1,2";
			};
			name = Debug;
		};
		C8DD9EE61D700DC300B0B3FA /* Release */ = {
			isa = XCBuildConfiguration;
			buildSettings = {
				ALWAYS_SEARCH_USER_PATHS = NO;
				CLANG_ANALYZER_NONNULL = YES;
				CLANG_CXX_LANGUAGE_STANDARD = "gnu++0x";
				CLANG_CXX_LIBRARY = "libc++";
				CLANG_ENABLE_MODULES = YES;
				CLANG_ENABLE_OBJC_ARC = YES;
				CLANG_WARN_BOOL_CONVERSION = YES;
				CLANG_WARN_CONSTANT_CONVERSION = YES;
				CLANG_WARN_DIRECT_OBJC_ISA_USAGE = YES_ERROR;
				CLANG_WARN_EMPTY_BODY = YES;
				CLANG_WARN_ENUM_CONVERSION = YES;
				CLANG_WARN_INT_CONVERSION = YES;
				CLANG_WARN_OBJC_ROOT_CLASS = YES_ERROR;
				CLANG_WARN_UNREACHABLE_CODE = YES;
				CLANG_WARN__DUPLICATE_METHOD_MATCH = YES;
				"CODE_SIGN_IDENTITY[sdk=iphoneos*]" = "iPhone Developer";
				COPY_PHASE_STRIP = NO;
				DEBUG_INFORMATION_FORMAT = "dwarf-with-dsym";
				ENABLE_NS_ASSERTIONS = NO;
				ENABLE_STRICT_OBJC_MSGSEND = YES;
				GCC_C_LANGUAGE_STANDARD = gnu99;
				GCC_NO_COMMON_BLOCKS = YES;
				GCC_WARN_64_TO_32_BIT_CONVERSION = YES;
				GCC_WARN_ABOUT_RETURN_TYPE = YES_ERROR;
				GCC_WARN_UNDECLARED_SELECTOR = YES;
				GCC_WARN_UNINITIALIZED_AUTOS = YES_AGGRESSIVE;
				GCC_WARN_UNUSED_FUNCTION = YES;
				GCC_WARN_UNUSED_VARIABLE = YES;
				IPHONEOS_DEPLOYMENT_TARGET = 9.3;
				MTL_ENABLE_DEBUG_INFO = NO;
				SDKROOT = iphoneos;
				TARGETED_DEVICE_FAMILY = "1,2";
				VALIDATE_PRODUCT = YES;
			};
			name = Release;
		};
		C8DD9EE81D700DC300B0B3FA /* Debug */ = {
			isa = XCBuildConfiguration;
			buildSettings = {
				ASSETCATALOG_COMPILER_APPICON_NAME = AppIcon;
				INFOPLIST_FILE = HelloMarkupKit/Info.plist;
				LD_RUNPATH_SEARCH_PATHS = "$(inherited) @executable_path/Frameworks";
				PRODUCT_BUNDLE_IDENTIFIER = com.maisa.HelloMarkupKit;
				PRODUCT_NAME = "$(TARGET_NAME)";
			};
			name = Debug;
		};
		C8DD9EE91D700DC300B0B3FA /* Release */ = {
			isa = XCBuildConfiguration;
			buildSettings = {
				ASSETCATALOG_COMPILER_APPICON_NAME = AppIcon;
				INFOPLIST_FILE = HelloMarkupKit/Info.plist;
				LD_RUNPATH_SEARCH_PATHS = "$(inherited) @executable_path/Frameworks";
				PRODUCT_BUNDLE_IDENTIFIER = com.maisa.HelloMarkupKit;
				PRODUCT_NAME = "$(TARGET_NAME)";
			};
			name = Release;
		};
/* End XCBuildConfiguration section */

/* Begin XCConfigurationList section */
		C8DD9ED01D700DC300B0B3FA /* Build configuration list for PBXProject "HelloMarkupKit" */ = {
			isa = XCConfigurationList;
			buildConfigurations = (
				C8DD9EE51D700DC300B0B3FA /* Debug */,
				C8DD9EE61D700DC300B0B3FA /* Release */,
			);
			defaultConfigurationIsVisible = 0;
			defaultConfigurationName = Release;
		};
		C8DD9EE71D700DC300B0B3FA /* Build configuration list for PBXNativeTarget "HelloMarkupKit" */ = {
			isa = XCConfigurationList;
			buildConfigurations = (
				C8DD9EE81D700DC300B0B3FA /* Debug */,
				C8DD9EE91D700DC300B0B3FA /* Release */,
			);
			defaultConfigurationIsVisible = 0;
		};
/* End XCConfigurationList section */
	};
	rootObject = C8DD9ECD1D700DC300B0B3FA /* Project object */;
}
